
Microsoft Visual Studio Solution File, Format Version 12.00
# Visual Studio Version 17
VisualStudioVersion = 17.0.31903.59
MinimumVisualStudioVersion = 10.0.40219.1
Project("{FAE04EC0-301F-11D3-BF4B-00C04F79EFBC}") = "API", "API\API.csproj", "{A0E97E7E-CF50-47A0-B362-0E3D17B715CC}"
EndProject
Project("{FAE04EC0-301F-11D3-BF4B-00C04F79EFBC}") = "core", "core\core.csproj", "{CD3AB7DE-C5F2-41D8-BBEC-D49EAF00D5B2}"
EndProject
Project("{FAE04EC0-301F-11D3-BF4B-00C04F79EFBC}") = "infraestructura", "infraestructura\infraestructura.csproj", "{7C4B53B6-B751-46F8-A22E-2715D1626F06}"
EndProject
Global
	GlobalSection(SolutionConfigurationPlatforms) = preSolution
		Debug|Any CPU = Debug|Any CPU
		Release|Any CPU = Release|Any CPU
	EndGlobalSection
	GlobalSection(SolutionProperties) = preSolution
		HideSolutionNode = FALSE
	EndGlobalSection
	GlobalSection(ProjectConfigurationPlatforms) = postSolution
		{A0E97E7E-CF50-47A0-B362-0E3D17B715CC}.Debug|Any CPU.ActiveCfg = Debug|Any CPU
		{A0E97E7E-CF50-47A0-B362-0E3D17B715CC}.Debug|Any CPU.Build.0 = Debug|Any CPU
		{A0E97E7E-CF50-47A0-B362-0E3D17B715CC}.Release|Any CPU.ActiveCfg = Release|Any CPU
		{A0E97E7E-CF50-47A0-B362-0E3D17B715CC}.Release|Any CPU.Build.0 = Release|Any CPU
		{CD3AB7DE-C5F2-41D8-BBEC-D49EAF00D5B2}.Debug|Any CPU.ActiveCfg = Debug|Any CPU
		{CD3AB7DE-C5F2-41D8-BBEC-D49EAF00D5B2}.Debug|Any CPU.Build.0 = Debug|Any CPU
		{CD3AB7DE-C5F2-41D8-BBEC-D49EAF00D5B2}.Release|Any CPU.ActiveCfg = Release|Any CPU
		{CD3AB7DE-C5F2-41D8-BBEC-D49EAF00D5B2}.Release|Any CPU.Build.0 = Release|Any CPU
		{7C4B53B6-B751-46F8-A22E-2715D1626F06}.Debug|Any CPU.ActiveCfg = Debug|Any CPU
		{7C4B53B6-B751-46F8-A22E-2715D1626F06}.Debug|Any CPU.Build.0 = Debug|Any CPU
		{7C4B53B6-B751-46F8-A22E-2715D1626F06}.Release|Any CPU.ActiveCfg = Release|Any CPU
		{7C4B53B6-B751-46F8-A22E-2715D1626F06}.Release|Any CPU.Build.0 = Release|Any CPU
	EndGlobalSection
EndGlobal
